
Microsoft Visual Studio Solution File, Format Version 12.00
# Visual Studio Version 17
VisualStudioVersion = 17.8.34322.80
MinimumVisualStudioVersion = 10.0.40219.1
Project("{FAE04EC0-301F-11D3-BF4B-00C04F79EFBC}") = "Assignment3", "Assignment3\Assignment3.csproj", "{6443EE0E-811D-4D51-8F62-33F6457FA11F}"
EndProject
Global
	GlobalSection(SolutionConfigurationPlatforms) = preSolution
		Debug|Any CPU = Debug|Any CPU
		Release|Any CPU = Release|Any CPU
	EndGlobalSection
	GlobalSection(ProjectConfigurationPlatforms) = postSolution
		{6443EE0E-811D-4D51-8F62-33F6457FA11F}.Debug|Any CPU.ActiveCfg = Debug|Any CPU
		{6443EE0E-811D-4D51-8F62-33F6457FA11F}.Debug|Any CPU.Build.0 = Debug|Any CPU
		{6443EE0E-811D-4D51-8F62-33F6457FA11F}.Release|Any CPU.ActiveCfg = Release|Any CPU
		{6443EE0E-811D-4D51-8F62-33F6457FA11F}.Release|Any CPU.Build.0 = Release|Any CPU
	EndGlobalSection
	GlobalSection(SolutionProperties) = preSolution
		HideSolutionNode = FALSE
	EndGlobalSection
	GlobalSection(ExtensibilityGlobals) = postSolution
		SolutionGuid = {B8886E07-BCAD-447D-829D-8BA8A3C48609}
	EndGlobalSection
EndGlobal
